{
  "name": "og-downloader",
  "version": "1.0.0",
  "lockfileVersion": 1,
  "requires": true,
  "dependencies": {
    "node-downloader-helper": {
      "version": "1.0.9",
      "resolved": "https://registry.npmjs.org/node-downloader-helper/-/node-downloader-helper-1.0.9.tgz",
      "integrity": "sha512-X2cuBotLy2D3LdQAvhOAZ6IfcMGT6ssn+hCEm6yPJzhjr+S/YjyTLTxhnAe1pr5/jxGABD+b3SN8WpuBL5J2Dw=="
    }
  }
}
